
Microsoft Visual Studio Solution File, Format Version 12.00
# Visual Studio Version 17
VisualStudioVersion = 17.7.34018.315
MinimumVisualStudioVersion = 10.0.40219.1
Project("{8BC9CEB8-8B4A-11D0-8D11-00A0C91BC942}") = "pingPong", "pingPong.vcxproj", "{A90E5021-8EA9-46D6-B456-5B7C27D3AE33}"
EndProject
Global
	GlobalSection(SolutionConfigurationPlatforms) = preSolution
		Debug|x64 = Debug|x64
		Debug|x86 = Debug|x86
		Release|x64 = Release|x64
		Release|x86 = Release|x86
	EndGlobalSection
	GlobalSection(ProjectConfigurationPlatforms) = postSolution
		{A90E5021-8EA9-46D6-B456-5B7C27D3AE33}.Debug|x64.ActiveCfg = Debug|x64
		{A90E5021-8EA9-46D6-B456-5B7C27D3AE33}.Debug|x64.Build.0 = Debug|x64
		{A90E5021-8EA9-46D6-B456-5B7C27D3AE33}.Debug|x86.ActiveCfg = Debug|Win32
		{A90E5021-8EA9-46D6-B456-5B7C27D3AE33}.Debug|x86.Build.0 = Debug|Win32
		{A90E5021-8EA9-46D6-B456-5B7C27D3AE33}.Release|x64.ActiveCfg = Release|x64
		{A90E5021-8EA9-46D6-B456-5B7C27D3AE33}.Release|x64.Build.0 = Release|x64
		{A90E5021-8EA9-46D6-B456-5B7C27D3AE33}.Release|x86.ActiveCfg = Release|Win32
		{A90E5021-8EA9-46D6-B456-5B7C27D3AE33}.Release|x86.Build.0 = Release|Win32
	EndGlobalSection
	GlobalSection(SolutionProperties) = preSolution
		HideSolutionNode = FALSE
	EndGlobalSection
	GlobalSection(ExtensibilityGlobals) = postSolution
		SolutionGuid = {B9EE7E5F-F56F-4A51-933C-A9EDEA9F3E5E}
	EndGlobalSection
EndGlobal
